github.com/apache/thrift v0.18.1 h1:lNhK/1nqjbwbiOPDBPFJVKxgDEGSepKuTh6OLiXW8kg=
github.com/apache/thrift v0.18.1/go.mod h1:rdQn/dCcDKEWjjylUeueum4vQEjG2v8v2PqriUnbr+I=
github.com/donnie4w/simplelog v0.0.0-20230626094114-105ff06384de h1:TBkI4olJS1tDYXgdCh4+dokD455upFrYzlb8XGIgXmQ=
github.com/donnie4w/simplelog v0.0.0-20230626094114-105ff06384de/go.mod h1:UNoDOR7K08td8Lgvxb46ViOoFPcbFqt0Fi3bkC8fKx4=
github.com/donnie4w/tlcli-go v0.0.0-20230601041340-bc7cb2b1f860 h1:VqB5kCcmd41gbJsFDhQG5Z8pw4evvtQTN6GAmvYSd6g=
github.com/donnie4w/tlcli-go v0.0.0-20230601041340-bc7cb2b1f860/go.mod h1:zBr3gl+OFPmT2KJl1jV3oofBi9eTMx8m3XQ+vCE6wv0=
github.com/donnie4w/tlnet v0.0.0-20230624091241-26c1d8a12677 h1:yceIA9MOqO+0kvsM3vmNNGIwFjiPXFsE/rCbcFXiRh4=
github.com/donnie4w/tlnet v0.0.0-20230624091241-26c1d8a12677/go.mod h1:A+SLdCAZ3oLNKOQ4NvcW/YP5KXYSr8GCKiIJcHiy7VE=
github.com/donnie4w/tlorm-go v0.0.0-20230701054353-505c8f25c6b5 h1:t83LIvsVadThtURhTAGwvmyhOAfrJOh7WDXPSdkjsoo=
github.com/donnie4w/tlorm-go v0.0.0-20230701054353-505c8f25c6b5/go.mod h1:7+75WeBLV/uJyFH8JkGBep0kJiSYIhRksXiPoSGnxZc=
golang.org/x/net v0.8.0 h1:Zrh2ngAOFYneWTAIAPethzeaQLuHwhuBkuV6ZiRnUaQ=
golang.org/x/net v0.8.0/go.mod h1:QVkue5JL9kW//ek3r6jTKnTFis1tRmNAW2P1shuFdJc=
